
Microsoft Visual Studio Solution File, Format Version 12.00
# Visual Studio 15
VisualStudioVersion = 15.0.27428.2037
MinimumVisualStudioVersion = 10.0.40219.1
Project("{FAE04EC0-301F-11D3-BF4B-00C04F79EFBC}") = "RPG-Manager", "RPG-Manager\RPG-Manager.csproj", "{DE21E559-D98F-4632-952A-CFDD7AE65C7B}"
EndProject
Global
	GlobalSection(SolutionConfigurationPlatforms) = preSolution
		Debug|Any CPU = Debug|Any CPU
		Release|Any CPU = Release|Any CPU
	EndGlobalSection
	GlobalSection(ProjectConfigurationPlatforms) = postSolution
		{DE21E559-D98F-4632-952A-CFDD7AE65C7B}.Debug|Any CPU.ActiveCfg = Debug|Any CPU
		{DE21E559-D98F-4632-952A-CFDD7AE65C7B}.Debug|Any CPU.Build.0 = Debug|Any CPU
		{DE21E559-D98F-4632-952A-CFDD7AE65C7B}.Release|Any CPU.ActiveCfg = Release|Any CPU
		{DE21E559-D98F-4632-952A-CFDD7AE65C7B}.Release|Any CPU.Build.0 = Release|Any CPU
	EndGlobalSection
	GlobalSection(SolutionProperties) = preSolution
		HideSolutionNode = FALSE
	EndGlobalSection
	GlobalSection(ExtensibilityGlobals) = postSolution
		SolutionGuid = {4A57FBCC-257B-4EDC-A164-E08FCD9B01AC}
	EndGlobalSection
EndGlobal
